
Microsoft Visual Studio Solution File, Format Version 12.00
# Visual Studio 14
VisualStudioVersion = 14.0.25420.1
MinimumVisualStudioVersion = 10.0.40219.1
Project("{FAE04EC0-301F-11D3-BF4B-00C04F79EFBC}") = "first task with string", "first task with string\first task with string.csproj", "{9E195C74-27F9-4459-89FF-36021F2CD4FF}"
EndProject
Global
	GlobalSection(SolutionConfigurationPlatforms) = preSolution
		Debug|Any CPU = Debug|Any CPU
		Release|Any CPU = Release|Any CPU
	EndGlobalSection
	GlobalSection(ProjectConfigurationPlatforms) = postSolution
		{9E195C74-27F9-4459-89FF-36021F2CD4FF}.Debug|Any CPU.ActiveCfg = Debug|Any CPU
		{9E195C74-27F9-4459-89FF-36021F2CD4FF}.Debug|Any CPU.Build.0 = Debug|Any CPU
		{9E195C74-27F9-4459-89FF-36021F2CD4FF}.Release|Any CPU.ActiveCfg = Release|Any CPU
		{9E195C74-27F9-4459-89FF-36021F2CD4FF}.Release|Any CPU.Build.0 = Release|Any CPU
	EndGlobalSection
	GlobalSection(SolutionProperties) = preSolution
		HideSolutionNode = FALSE
	EndGlobalSection
EndGlobal
