
Microsoft Visual Studio Solution File, Format Version 12.00
# Visual Studio 15
VisualStudioVersion = 15.0.26730.16
MinimumVisualStudioVersion = 10.0.40219.1
Project("{FAE04EC0-301F-11D3-BF4B-00C04F79EFBC}") = "LargestSubstring", "LargestSubstring\LargestSubstring.csproj", "{8C3C215B-031B-4300-80C3-F09C25319318}"
EndProject
Global
	GlobalSection(SolutionConfigurationPlatforms) = preSolution
		Debug|Any CPU = Debug|Any CPU
		Release|Any CPU = Release|Any CPU
	EndGlobalSection
	GlobalSection(ProjectConfigurationPlatforms) = postSolution
		{8C3C215B-031B-4300-80C3-F09C25319318}.Debug|Any CPU.ActiveCfg = Debug|Any CPU
		{8C3C215B-031B-4300-80C3-F09C25319318}.Debug|Any CPU.Build.0 = Debug|Any CPU
		{8C3C215B-031B-4300-80C3-F09C25319318}.Release|Any CPU.ActiveCfg = Release|Any CPU
		{8C3C215B-031B-4300-80C3-F09C25319318}.Release|Any CPU.Build.0 = Release|Any CPU
	EndGlobalSection
	GlobalSection(SolutionProperties) = preSolution
		HideSolutionNode = FALSE
	EndGlobalSection
	GlobalSection(ExtensibilityGlobals) = postSolution
		SolutionGuid = {FF698DD0-731F-4E52-A760-88F3052B3C13}
	EndGlobalSection
EndGlobal
